PODS:
  - CYFFmpeg (0.1.5)
  - Masonry (1.1.0)
  - NSLogger (1.9.7):
    - NSLogger/ObjC (= 1.9.7)
  - NSLogger/ObjC (1.9.7)

DEPENDENCIES:
  - CYFFmpeg
  - Masonry
  - NSLogger

SPEC REPOS:
  https://github.com/CocoaPods/Specs.git:
    - CYFFmpeg
    - Masonry
    - NSLogger

SPEC CHECKSUMS:
  CYFFmpeg: 4d4c661b0d850ce880a847e33f0ba09767531066
  Masonry: 678fab65091a9290e40e2832a55e7ab731aad201
  NSLogger: cf3013a4fba189f631f07e6c3d5b8ce2b209654b

PODFILE CHECKSUM: 035dd71b5cf0ff333587abe136bf6a925097a7cf

COCOAPODS: 1.9.1
